
Microsoft Visual Studio Solution File, Format Version 12.00
# Visual Studio 14
VisualStudioVersion = 14.0.25420.1
MinimumVisualStudioVersion = 10.0.40219.1
Project("{FAE04EC0-301F-11D3-BF4B-00C04F79EFBC}") = "ReactApp", "SocialNetwork\ReactApp.csproj", "{FC6783EF-199C-4059-83DB-3FAD62408CD1}"
EndProject
Project("{FAE04EC0-301F-11D3-BF4B-00C04F79EFBC}") = "DbContext", "DbContext\DbContext.csproj", "{19919570-DCEC-4C7A-BD2D-4CE5CC86AD80}"
EndProject
Project("{FAE04EC0-301F-11D3-BF4B-00C04F79EFBC}") = "Repositories", "Repositories\Repositories.csproj", "{8A6FAAE7-3D70-450A-85ED-7E6FE4B30643}"
EndProject
Project("{FAE04EC0-301F-11D3-BF4B-00C04F79EFBC}") = "Managers", "Managers\Managers.csproj", "{B04088F6-2B07-48EA-B301-56FECDF7B6B0}"
EndProject
Project("{FAE04EC0-301F-11D3-BF4B-00C04F79EFBC}") = "SocialNetworkApi", "SocialNetworkApi\SocialNetworkApi.csproj", "{09DA4CA0-9769-4363-ADBD-4DE400E97239}"
EndProject
Project("{FAE04EC0-301F-11D3-BF4B-00C04F79EFBC}") = "SNApi", "SNApi\SNApi.csproj", "{493C42F7-0E91-4160-AFB3-17C10A4E281F}"
EndProject
Global
	GlobalSection(SolutionConfigurationPlatforms) = preSolution
		Debug|Any CPU = Debug|Any CPU
		Release|Any CPU = Release|Any CPU
	EndGlobalSection
	GlobalSection(ProjectConfigurationPlatforms) = postSolution
		{FC6783EF-199C-4059-83DB-3FAD62408CD1}.Debug|Any CPU.ActiveCfg = Debug|Any CPU
		{FC6783EF-199C-4059-83DB-3FAD62408CD1}.Debug|Any CPU.Build.0 = Debug|Any CPU
		{FC6783EF-199C-4059-83DB-3FAD62408CD1}.Release|Any CPU.ActiveCfg = Release|Any CPU
		{FC6783EF-199C-4059-83DB-3FAD62408CD1}.Release|Any CPU.Build.0 = Release|Any CPU
		{19919570-DCEC-4C7A-BD2D-4CE5CC86AD80}.Debug|Any CPU.ActiveCfg = Debug|Any CPU
		{19919570-DCEC-4C7A-BD2D-4CE5CC86AD80}.Debug|Any CPU.Build.0 = Debug|Any CPU
		{19919570-DCEC-4C7A-BD2D-4CE5CC86AD80}.Release|Any CPU.ActiveCfg = Release|Any CPU
		{19919570-DCEC-4C7A-BD2D-4CE5CC86AD80}.Release|Any CPU.Build.0 = Release|Any CPU
		{8A6FAAE7-3D70-450A-85ED-7E6FE4B30643}.Debug|Any CPU.ActiveCfg = Debug|Any CPU
		{8A6FAAE7-3D70-450A-85ED-7E6FE4B30643}.Debug|Any CPU.Build.0 = Debug|Any CPU
		{8A6FAAE7-3D70-450A-85ED-7E6FE4B30643}.Release|Any CPU.ActiveCfg = Release|Any CPU
		{8A6FAAE7-3D70-450A-85ED-7E6FE4B30643}.Release|Any CPU.Build.0 = Release|Any CPU
		{B04088F6-2B07-48EA-B301-56FECDF7B6B0}.Debug|Any CPU.ActiveCfg = Debug|Any CPU
		{B04088F6-2B07-48EA-B301-56FECDF7B6B0}.Debug|Any CPU.Build.0 = Debug|Any CPU
		{B04088F6-2B07-48EA-B301-56FECDF7B6B0}.Release|Any CPU.ActiveCfg = Release|Any CPU
		{B04088F6-2B07-48EA-B301-56FECDF7B6B0}.Release|Any CPU.Build.0 = Release|Any CPU
		{09DA4CA0-9769-4363-ADBD-4DE400E97239}.Debug|Any CPU.ActiveCfg = Debug|Any CPU
		{09DA4CA0-9769-4363-ADBD-4DE400E97239}.Debug|Any CPU.Build.0 = Debug|Any CPU
		{09DA4CA0-9769-4363-ADBD-4DE400E97239}.Release|Any CPU.ActiveCfg = Release|Any CPU
		{09DA4CA0-9769-4363-ADBD-4DE400E97239}.Release|Any CPU.Build.0 = Release|Any CPU
		{493C42F7-0E91-4160-AFB3-17C10A4E281F}.Debug|Any CPU.ActiveCfg = Debug|Any CPU
		{493C42F7-0E91-4160-AFB3-17C10A4E281F}.Debug|Any CPU.Build.0 = Debug|Any CPU
		{493C42F7-0E91-4160-AFB3-17C10A4E281F}.Release|Any CPU.ActiveCfg = Release|Any CPU
		{493C42F7-0E91-4160-AFB3-17C10A4E281F}.Release|Any CPU.Build.0 = Release|Any CPU
	EndGlobalSection
	GlobalSection(SolutionProperties) = preSolution
		HideSolutionNode = FALSE
	EndGlobalSection
EndGlobal
